
Microsoft Visual Studio Solution File, Format Version 12.00
# Visual Studio Version 17
VisualStudioVersion = 17.5.33424.131
MinimumVisualStudioVersion = 10.0.40219.1
Project("{9A19103F-16F7-4668-BE54-9A1E7A4F7556}") = "MyOthelloWeb", "MyOthelloWeb\MyOthelloWeb.csproj", "{308A7E35-188A-4FD7-879F-FB737234B0C0}"
EndProject
Project("{FAE04EC0-301F-11D3-BF4B-00C04F79EFBC}") = "MyOthelloClient", "MyOthelloClient\MyOthelloClient.csproj", "{C7220932-9B66-4872-865D-04F097AB0D37}"
EndProject
Global
	GlobalSection(SolutionConfigurationPlatforms) = preSolution
		Debug|Any CPU = Debug|Any CPU
		Release|Any CPU = Release|Any CPU
	EndGlobalSection
	GlobalSection(ProjectConfigurationPlatforms) = postSolution
		{308A7E35-188A-4FD7-879F-FB737234B0C0}.Debug|Any CPU.ActiveCfg = Debug|Any CPU
		{308A7E35-188A-4FD7-879F-FB737234B0C0}.Debug|Any CPU.Build.0 = Debug|Any CPU
		{308A7E35-188A-4FD7-879F-FB737234B0C0}.Release|Any CPU.ActiveCfg = Release|Any CPU
		{308A7E35-188A-4FD7-879F-FB737234B0C0}.Release|Any CPU.Build.0 = Release|Any CPU
		{C7220932-9B66-4872-865D-04F097AB0D37}.Debug|Any CPU.ActiveCfg = Debug|Any CPU
		{C7220932-9B66-4872-865D-04F097AB0D37}.Debug|Any CPU.Build.0 = Debug|Any CPU
		{C7220932-9B66-4872-865D-04F097AB0D37}.Release|Any CPU.ActiveCfg = Release|Any CPU
		{C7220932-9B66-4872-865D-04F097AB0D37}.Release|Any CPU.Build.0 = Release|Any CPU
	EndGlobalSection
	GlobalSection(SolutionProperties) = preSolution
		HideSolutionNode = FALSE
	EndGlobalSection
	GlobalSection(ExtensibilityGlobals) = postSolution
		SolutionGuid = {90DE8496-AB77-4EFC-A26B-029EE087978F}
	EndGlobalSection
EndGlobal
